
Microsoft Visual Studio Solution File, Format Version 12.00
# Visual Studio Version 16
VisualStudioVersion = 16.0.29503.13
MinimumVisualStudioVersion = 10.0.40219.1
Project("{FAE04EC0-301F-11D3-BF4B-00C04F79EFBC}") = "SignalRApi", "SignalRApi\SignalRApi.csproj", "{A3888607-9202-4D0C-BBB3-140E4D0B3C76}"
EndProject
Global
	GlobalSection(SolutionConfigurationPlatforms) = preSolution
		Debug|Any CPU = Debug|Any CPU
		Release|Any CPU = Release|Any CPU
	EndGlobalSection
	GlobalSection(ProjectConfigurationPlatforms) = postSolution
		{A3888607-9202-4D0C-BBB3-140E4D0B3C76}.Debug|Any CPU.ActiveCfg = Debug|Any CPU
		{A3888607-9202-4D0C-BBB3-140E4D0B3C76}.Debug|Any CPU.Build.0 = Debug|Any CPU
		{A3888607-9202-4D0C-BBB3-140E4D0B3C76}.Release|Any CPU.ActiveCfg = Release|Any CPU
		{A3888607-9202-4D0C-BBB3-140E4D0B3C76}.Release|Any CPU.Build.0 = Release|Any CPU
	EndGlobalSection
	GlobalSection(SolutionProperties) = preSolution
		HideSolutionNode = FALSE
	EndGlobalSection
	GlobalSection(ExtensibilityGlobals) = postSolution
		SolutionGuid = {60ADB8B3-0AB6-45FF-9CBB-FD0969C4C7EA}
	EndGlobalSection
EndGlobal
